
Microsoft Visual Studio Solution File, Format Version 12.00
# Visual Studio Version 17
VisualStudioVersion = 17.8.34316.72
MinimumVisualStudioVersion = 10.0.40219.1
Project("{FAE04EC0-301F-11D3-BF4B-00C04F79EFBC}") = "LastProjectArea51", "LastProjectArea51\LastProjectArea51.csproj", "{3B200632-C976-46F0-9125-BA83A71CE6EA}"
EndProject
Global
	GlobalSection(SolutionConfigurationPlatforms) = preSolution
		Debug|Any CPU = Debug|Any CPU
		Release|Any CPU = Release|Any CPU
	EndGlobalSection
	GlobalSection(ProjectConfigurationPlatforms) = postSolution
		{3B200632-C976-46F0-9125-BA83A71CE6EA}.Debug|Any CPU.ActiveCfg = Debug|Any CPU
		{3B200632-C976-46F0-9125-BA83A71CE6EA}.Debug|Any CPU.Build.0 = Debug|Any CPU
		{3B200632-C976-46F0-9125-BA83A71CE6EA}.Release|Any CPU.ActiveCfg = Release|Any CPU
		{3B200632-C976-46F0-9125-BA83A71CE6EA}.Release|Any CPU.Build.0 = Release|Any CPU
	EndGlobalSection
	GlobalSection(SolutionProperties) = preSolution
		HideSolutionNode = FALSE
	EndGlobalSection
	GlobalSection(ExtensibilityGlobals) = postSolution
		SolutionGuid = {18A93AA1-0FC4-43D7-8AEE-772B10151FCA}
	EndGlobalSection
EndGlobal
